// !$*UTF8*$!
{
	archiveVersion = 1;
	classes = {
	};
	objectVersion = 56;
	objects = {

/* Begin PBXBuildFile section */
		FB2DAF88297C505D007E76BD /* main.cpp in Sources */ = {isa = PBXBuildFile; fileRef = FB2DAF87297C505D007E76BD /* main.cpp */; };
		FBB0B23F297EC4A60006D065 /* libglfw.3.3.dylib in Frameworks */ = {isa = PBXBuildFile; fileRef = FBB0B23E297EC4A60006D065 /* libglfw.3.3.dylib */; };
		FBB0B242297EC4B30006D065 /* libvulkan.1.dylib in Frameworks */ = {isa = PBXBuildFile; fileRef = FBB0B240297EC4B30006D065 /* libvulkan.1.dylib */; };
		FBB0B243297EC4B30006D065 /* libvulkan.1.3.236.dylib in Frameworks */ = {isa = PBXBuildFile; fileRef = FBB0B241297EC4B30006D065 /* libvulkan.1.3.236.dylib */; };
		FBB0B244297EC4BD0006D065 /* libvulkan.1.3.236.dylib in CopyFiles */ = {isa = PBXBuildFile; fileRef = FBB0B241297EC4B30006D065 /* libvulkan.1.3.236.dylib */; settings = {ATTRIBUTES = (CodeSignOnCopy, ); }; };
		FBB0B245297EC4BD0006D065 /* libvulkan.1.dylib in CopyFiles */ = {isa = PBXBuildFile; fileRef = FBB0B240297EC4B30006D065 /* libvulkan.1.dylib */; settings = {ATTRIBUTES = (CodeSignOnCopy, ); }; };
		FBB0B246297EC4BD0006D065 /* libglfw.3.3.dylib in CopyFiles */ = {isa = PBXBuildFile; fileRef = FBB0B23E297EC4A60006D065 /* libglfw.3.3.dylib */; settings = {ATTRIBUTES = (CodeSignOnCopy, ); }; };
		FBB0B24B297EC6C00006D065 /* lve_window.cpp in Sources */ = {isa = PBXBuildFile; fileRef = FBB0B249297EC6C00006D065 /* lve_window.cpp */; };
		FBB0B250297ECFF20006D065 /* first_app.cpp in Sources */ = {isa = PBXBuildFile; fileRef = FBB0B24F297ECFF20006D065 /* first_app.cpp */; };
/* End PBXBuildFile section */

/* Begin PBXCopyFilesBuildPhase section */
		FB2DAF82297C505D007E76BD /* CopyFiles */ = {
			isa = PBXCopyFilesBuildPhase;
			buildActionMask = 12;
			dstPath = "";
			dstSubfolderSpec = 10;
			files = (
				FBB0B244297EC4BD0006D065 /* libvulkan.1.3.236.dylib in CopyFiles */,
				FBB0B245297EC4BD0006D065 /* libvulkan.1.dylib in CopyFiles */,
				FBB0B246297EC4BD0006D065 /* libglfw.3.3.dylib in CopyFiles */,
			);
			runOnlyForDeploymentPostprocessing = 0;
		};
/* End PBXCopyFilesBuildPhase section */

/* Begin PBXFileReference section */
		FB2DAF84297C505D007E76BD /* vulkanSetup */ = {isa = PBXFileReference; explicitFileType = "compiled.mach-o.executable"; includeInIndex = 0; path = vulkanSetup; sourceTree = BUILT_PRODUCTS_DIR; };
		FB2DAF87297C505D007E76BD /* main.cpp */ = {isa = PBXFileReference; lastKnownFileType = sourcecode.cpp.cpp; path = main.cpp; sourceTree = "<group>"; };
		FB447AC9297C53D40044CC72 /* libglfw.3.3.dylib */ = {isa = PBXFileReference; lastKnownFileType = "compiled.mach-o.dylib"; name = libglfw.3.3.dylib; path = ../../../../../usr/local/lib/libglfw.3.3.dylib; sourceTree = "<group>"; };
		FB447ACB297C560C0044CC72 /* libvulkan.1.3.236.dylib */ = {isa = PBXFileReference; lastKnownFileType = "compiled.mach-o.dylib"; name = libvulkan.1.3.236.dylib; path = ../../../../../Users/paul.sohns/VulkanSDK/1.3.236.0/macOS/lib/libvulkan.1.3.236.dylib; sourceTree = "<group>"; };
		FB447ACD297C56170044CC72 /* libvulkan.1.dylib */ = {isa = PBXFileReference; lastKnownFileType = "compiled.mach-o.dylib"; name = libvulkan.1.dylib; path = ../../../../../Users/paul.sohns/VulkanSDK/1.3.236.0/macOS/lib/libvulkan.1.dylib; sourceTree = "<group>"; };
		FB6358C6297EDCD8008E416F /* simple_shader.frag */ = {isa = PBXFileReference; lastKnownFileType = sourcecode.glsl; path = simple_shader.frag; sourceTree = "<group>"; };
		FB6358C7297EDE47008E416F /* compileShader.sh */ = {isa = PBXFileReference; lastKnownFileType = text.script.sh; path = compileShader.sh; sourceTree = "<group>"; };
		FBB0B23E297EC4A60006D065 /* libglfw.3.3.dylib */ = {isa = PBXFileReference; lastKnownFileType = "compiled.mach-o.dylib"; name = libglfw.3.3.dylib; path = ../../../../../../usr/local/lib/libglfw.3.3.dylib; sourceTree = "<group>"; };
		FBB0B240297EC4B30006D065 /* libvulkan.1.dylib */ = {isa = PBXFileReference; lastKnownFileType = "compiled.mach-o.dylib"; name = libvulkan.1.dylib; path = ../../../../../../Users/paul.sohns/VulkanSDK/1.3.236.0/macOS/lib/libvulkan.1.dylib; sourceTree = "<group>"; };
		FBB0B241297EC4B30006D065 /* libvulkan.1.3.236.dylib */ = {isa = PBXFileReference; lastKnownFileType = "compiled.mach-o.dylib"; name = libvulkan.1.3.236.dylib; path = ../../../../../../Users/paul.sohns/VulkanSDK/1.3.236.0/macOS/lib/libvulkan.1.3.236.dylib; sourceTree = "<group>"; };
		FBB0B249297EC6C00006D065 /* lve_window.cpp */ = {isa = PBXFileReference; lastKnownFileType = sourcecode.cpp.cpp; path = lve_window.cpp; sourceTree = "<group>"; };
		FBB0B24A297EC6C00006D065 /* lve_window.hpp */ = {isa = PBXFileReference; lastKnownFileType = sourcecode.cpp.h; path = lve_window.hpp; sourceTree = "<group>"; };
		FBB0B24D297ECA3F0006D065 /* first_app.hpp */ = {isa = PBXFileReference; lastKnownFileType = sourcecode.cpp.h; path = first_app.hpp; sourceTree = "<group>"; };
		FBB0B24F297ECFF20006D065 /* first_app.cpp */ = {isa = PBXFileReference; lastKnownFileType = sourcecode.cpp.cpp; path = first_app.cpp; sourceTree = "<group>"; };
		FBB0B252297ED5C10006D065 /* simple_shader.vert */ = {isa = PBXFileReference; lastKnownFileType = sourcecode.glsl; path = simple_shader.vert; sourceTree = "<group>"; wrapsLines = 1; };
/* End PBXFileReference section */

/* Begin PBXFrameworksBuildPhase section */
		FB2DAF81297C505D007E76BD /* Frameworks */ = {
			isa = PBXFrameworksBuildPhase;
			buildActionMask = 2147483647;
			files = (
				FBB0B23F297EC4A60006D065 /* libglfw.3.3.dylib in Frameworks */,
				FBB0B242297EC4B30006D065 /* libvulkan.1.dylib in Frameworks */,
				FBB0B243297EC4B30006D065 /* libvulkan.1.3.236.dylib in Frameworks */,
			);
			runOnlyForDeploymentPostprocessing = 0;
		};
/* End PBXFrameworksBuildPhase section */

/* Begin PBXGroup section */
		FB2DAF7B297C505D007E76BD = {
			isa = PBXGroup;
			children = (
				FB2DAF86297C505D007E76BD /* vulkanSetup */,
				FB2DAF85297C505D007E76BD /* Products */,
				FB447AC8297C53D30044CC72 /* Frameworks */,
			);
			sourceTree = "<group>";
		};
		FB2DAF85297C505D007E76BD /* Products */ = {
			isa = PBXGroup;
			children = (
				FB2DAF84297C505D007E76BD /* vulkanSetup */,
			);
			name = Products;
			sourceTree = "<group>";
		};
		FB2DAF86297C505D007E76BD /* vulkanSetup */ = {
			isa = PBXGroup;
			children = (
				FBB0B251297ED5780006D065 /* shader */,
				FB2DAF87297C505D007E76BD /* main.cpp */,
				FBB0B249297EC6C00006D065 /* lve_window.cpp */,
				FBB0B24A297EC6C00006D065 /* lve_window.hpp */,
				FBB0B24D297ECA3F0006D065 /* first_app.hpp */,
				FBB0B24F297ECFF20006D065 /* first_app.cpp */,
				FB6358C7297EDE47008E416F /* compileShader.sh */,
			);
			path = vulkanSetup;
			sourceTree = "<group>";
		};
		FB447AC8297C53D30044CC72 /* Frameworks */ = {
			isa = PBXGroup;
			children = (
				FBB0B241297EC4B30006D065 /* libvulkan.1.3.236.dylib */,
				FBB0B240297EC4B30006D065 /* libvulkan.1.dylib */,
				FBB0B23E297EC4A60006D065 /* libglfw.3.3.dylib */,
				FB447ACD297C56170044CC72 /* libvulkan.1.dylib */,
				FB447ACB297C560C0044CC72 /* libvulkan.1.3.236.dylib */,
				FB447AC9297C53D40044CC72 /* libglfw.3.3.dylib */,
			);
			name = Frameworks;
			sourceTree = "<group>";
		};
		FBB0B251297ED5780006D065 /* shader */ = {
			isa = PBXGroup;
			children = (
				FBB0B252297ED5C10006D065 /* simple_shader.vert */,
				FB6358C6297EDCD8008E416F /* simple_shader.frag */,
			);
			path = shader;
			sourceTree = "<group>";
		};
/* End PBXGroup section */

/* Begin PBXNativeTarget section */
		FB2DAF83297C505D007E76BD /* vulkanSetup */ = {
			isa = PBXNativeTarget;
			buildConfigurationList = FB2DAF8B297C505D007E76BD /* Build configuration list for PBXNativeTarget "vulkanSetup" */;
			buildPhases = (
				FB2DAF80297C505D007E76BD /* Sources */,
				FB2DAF81297C505D007E76BD /* Frameworks */,
				FB2DAF82297C505D007E76BD /* CopyFiles */,
			);
			buildRules = (
			);
			dependencies = (
			);
			name = vulkanSetup;
			productName = vulkanSetup;
			productReference = FB2DAF84297C505D007E76BD /* vulkanSetup */;
			productType = "com.apple.product-type.tool";
		};
/* End PBXNativeTarget section */

/* Begin PBXProject section */
		FB2DAF7C297C505D007E76BD /* Project object */ = {
			isa = PBXProject;
			attributes = {
				BuildIndependentTargetsInParallel = 1;
				LastUpgradeCheck = 1420;
				TargetAttributes = {
					FB2DAF83297C505D007E76BD = {
						CreatedOnToolsVersion = 14.2;
					};
				};
			};
			buildConfigurationList = FB2DAF7F297C505D007E76BD /* Build configuration list for PBXProject "vulkanSetup" */;
			compatibilityVersion = "Xcode 14.0";
			developmentRegion = en;
			hasScannedForEncodings = 0;
			knownRegions = (
				en,
				Base,
			);
			mainGroup = FB2DAF7B297C505D007E76BD;
			productRefGroup = FB2DAF85297C505D007E76BD /* Products */;
			projectDirPath = "";
			projectRoot = "";
			targets = (
				FB2DAF83297C505D007E76BD /* vulkanSetup */,
			);
		};
/* End PBXProject section */

/* Begin PBXSourcesBuildPhase section */
		FB2DAF80297C505D007E76BD /* Sources */ = {
			isa = PBXSourcesBuildPhase;
			buildActionMask = 2147483647;
			files = (
				FBB0B250297ECFF20006D065 /* first_app.cpp in Sources */,
				FB2DAF88297C505D007E76BD /* main.cpp in Sources */,
				FBB0B24B297EC6C00006D065 /* lve_window.cpp in Sources */,
			);
			runOnlyForDeploymentPostprocessing = 0;
		};
/* End PBXSourcesBuildPhase section */

/* Begin XCBuildConfiguration section */
		FB2DAF89297C505D007E76BD /* Debug */ = {
			isa = XCBuildConfiguration;
			buildSettings = {
				ALWAYS_SEARCH_USER_PATHS = NO;
				CLANG_ANALYZER_NONNULL = YES;
				CLANG_ANALYZER_NUMBER_OBJECT_CONVERSION = YES_AGGRESSIVE;
				CLANG_CXX_LANGUAGE_STANDARD = "gnu++20";
				CLANG_ENABLE_MODULES = YES;
				CLANG_ENABLE_OBJC_ARC = YES;
				CLANG_ENABLE_OBJC_WEAK = YES;
				CLANG_WARN_BLOCK_CAPTURE_AUTORELEASING = YES;
				CLANG_WARN_BOOL_CONVERSION = YES;
				CLANG_WARN_COMMA = YES;
				CLANG_WARN_CONSTANT_CONVERSION = YES;
				CLANG_WARN_DEPRECATED_OBJC_IMPLEMENTATIONS = YES;
				CLANG_WARN_DIRECT_OBJC_ISA_USAGE = YES_ERROR;
				CLANG_WARN_DOCUMENTATION_COMMENTS = YES;
				CLANG_WARN_EMPTY_BODY = YES;
				CLANG_WARN_ENUM_CONVERSION = YES;
				CLANG_WARN_INFINITE_RECURSION = YES;
				CLANG_WARN_INT_CONVERSION = YES;
				CLANG_WARN_NON_LITERAL_NULL_CONVERSION = YES;
				CLANG_WARN_OBJC_IMPLICIT_RETAIN_SELF = YES;
				CLANG_WARN_OBJC_LITERAL_CONVERSION = YES;
				CLANG_WARN_OBJC_ROOT_CLASS = YES_ERROR;
				CLANG_WARN_QUOTED_INCLUDE_IN_FRAMEWORK_HEADER = YES;
				CLANG_WARN_RANGE_LOOP_ANALYSIS = YES;
				CLANG_WARN_STRICT_PROTOTYPES = YES;
				CLANG_WARN_SUSPICIOUS_MOVE = YES;
				CLANG_WARN_UNGUARDED_AVAILABILITY = YES_AGGRESSIVE;
				CLANG_WARN_UNREACHABLE_CODE = YES;
				CLANG_WARN__DUPLICATE_METHOD_MATCH = YES;
				COPY_PHASE_STRIP = NO;
				DEBUG_INFORMATION_FORMAT = dwarf;
				ENABLE_STRICT_OBJC_MSGSEND = YES;
				ENABLE_TESTABILITY = YES;
				GCC_C_LANGUAGE_STANDARD = gnu11;
				GCC_DYNAMIC_NO_PIC = NO;
				GCC_NO_COMMON_BLOCKS = YES;
				GCC_OPTIMIZATION_LEVEL = 0;
				GCC_PREPROCESSOR_DEFINITIONS = (
					"DEBUG=1",
					"$(inherited)",
				);
				GCC_WARN_64_TO_32_BIT_CONVERSION = YES;
				GCC_WARN_ABOUT_RETURN_TYPE = YES_ERROR;
				GCC_WARN_UNDECLARED_SELECTOR = YES;
				GCC_WARN_UNINITIALIZED_AUTOS = YES_AGGRESSIVE;
				GCC_WARN_UNUSED_FUNCTION = YES;
				GCC_WARN_UNUSED_VARIABLE = YES;
				MACOSX_DEPLOYMENT_TARGET = 13.1;
				MTL_ENABLE_DEBUG_INFO = INCLUDE_SOURCE;
				MTL_FAST_MATH = YES;
				ONLY_ACTIVE_ARCH = YES;
				SDKROOT = macosx;
			};
			name = Debug;
		};
		FB2DAF8A297C505D007E76BD /* Release */ = {
			isa = XCBuildConfiguration;
			buildSettings = {
				ALWAYS_SEARCH_USER_PATHS = NO;
				CLANG_ANALYZER_NONNULL = YES;
				CLANG_ANALYZER_NUMBER_OBJECT_CONVERSION = YES_AGGRESSIVE;
				CLANG_CXX_LANGUAGE_STANDARD = "gnu++20";
				CLANG_ENABLE_MODULES = YES;
				CLANG_ENABLE_OBJC_ARC = YES;
				CLANG_ENABLE_OBJC_WEAK = YES;
				CLANG_WARN_BLOCK_CAPTURE_AUTORELEASING = YES;
				CLANG_WARN_BOOL_CONVERSION = YES;
				CLANG_WARN_COMMA = YES;
				CLANG_WARN_CONSTANT_CONVERSION = YES;
				CLANG_WARN_DEPRECATED_OBJC_IMPLEMENTATIONS = YES;
				CLANG_WARN_DIRECT_OBJC_ISA_USAGE = YES_ERROR;
				CLANG_WARN_DOCUMENTATION_COMMENTS = YES;
				CLANG_WARN_EMPTY_BODY = YES;
				CLANG_WARN_ENUM_CONVERSION = YES;
				CLANG_WARN_INFINITE_RECURSION = YES;
				CLANG_WARN_INT_CONVERSION = YES;
				CLANG_WARN_NON_LITERAL_NULL_CONVERSION = YES;
				CLANG_WARN_OBJC_IMPLICIT_RETAIN_SELF = YES;
				CLANG_WARN_OBJC_LITERAL_CONVERSION = YES;
				CLANG_WARN_OBJC_ROOT_CLASS = YES_ERROR;
				CLANG_WARN_QUOTED_INCLUDE_IN_FRAMEWORK_HEADER = YES;
				CLANG_WARN_RANGE_LOOP_ANALYSIS = YES;
				CLANG_WARN_STRICT_PROTOTYPES = YES;
				CLANG_WARN_SUSPICIOUS_MOVE = YES;
				CLANG_WARN_UNGUARDED_AVAILABILITY = YES_AGGRESSIVE;
				CLANG_WARN_UNREACHABLE_CODE = YES;
				CLANG_WARN__DUPLICATE_METHOD_MATCH = YES;
				COPY_PHASE_STRIP = NO;
				DEBUG_INFORMATION_FORMAT = "dwarf-with-dsym";
				ENABLE_NS_ASSERTIONS = NO;
				ENABLE_STRICT_OBJC_MSGSEND = YES;
				GCC_C_LANGUAGE_STANDARD = gnu11;
				GCC_NO_COMMON_BLOCKS = YES;
				GCC_WARN_64_TO_32_BIT_CONVERSION = YES;
				GCC_WARN_ABOUT_RETURN_TYPE = YES_ERROR;
				GCC_WARN_UNDECLARED_SELECTOR = YES;
				GCC_WARN_UNINITIALIZED_AUTOS = YES_AGGRESSIVE;
				GCC_WARN_UNUSED_FUNCTION = YES;
				GCC_WARN_UNUSED_VARIABLE = YES;
				MACOSX_DEPLOYMENT_TARGET = 13.1;
				MTL_ENABLE_DEBUG_INFO = NO;
				MTL_FAST_MATH = YES;
				SDKROOT = macosx;
			};
			name = Release;
		};
		FB2DAF8C297C505D007E76BD /* Debug */ = {
			isa = XCBuildConfiguration;
			buildSettings = {
				CODE_SIGN_STYLE = Automatic;
				"HEADER_SEARCH_PATHS[arch=*]" = (
					/Users/paul.sohns/VulkanSDK/1.3.236.0/macOS/include,
					/usr/local/include,
				);
				"LIBRARY_SEARCH_PATHS[arch=*]" = (
					/usr/local/lib,
					/Users/paul.sohns/VulkanSDK/1.3.236.0/macOS/lib,
				);
				PRODUCT_NAME = "$(TARGET_NAME)";
			};
			name = Debug;
		};
		FB2DAF8D297C505D007E76BD /* Release */ = {
			isa = XCBuildConfiguration;
			buildSettings = {
				CODE_SIGN_STYLE = Automatic;
				"HEADER_SEARCH_PATHS[arch=*]" = (
					/usr/local/include,
					/Users/paul.sohns/VulkanSDK/1.3.236.0/macOS/include,
				);
				"LIBRARY_SEARCH_PATHS[arch=*]" = (
					/Users/paul.sohns/VulkanSDK/1.3.236.0/macOS/lib,
					/usr/local/lib,
				);
				PRODUCT_NAME = "$(TARGET_NAME)";
			};
			name = Release;
		};
/* End XCBuildConfiguration section */

/* Begin XCConfigurationList section */
		FB2DAF7F297C505D007E76BD /* Build configuration list for PBXProject "vulkanSetup" */ = {
			isa = XCConfigurationList;
			buildConfigurations = (
				FB2DAF89297C505D007E76BD /* Debug */,
				FB2DAF8A297C505D007E76BD /* Release */,
			);
			defaultConfigurationIsVisible = 0;
			defaultConfigurationName = Release;
		};
		FB2DAF8B297C505D007E76BD /* Build configuration list for PBXNativeTarget "vulkanSetup" */ = {
			isa = XCConfigurationList;
			buildConfigurations = (
				FB2DAF8C297C505D007E76BD /* Debug */,
				FB2DAF8D297C505D007E76BD /* Release */,
			);
			defaultConfigurationIsVisible = 0;
			defaultConfigurationName = Release;
		};
/* End XCConfigurationList section */
	};
	rootObject = FB2DAF7C297C505D007E76BD /* Project object */;
}
